// !$*UTF8*$!
{
	archiveVersion = 1;
	classes = {
	};
	objectVersion = 56;
	objects = {

/* Begin PBXBuildFile section */
		891B7DF82C206C53002F0CA2 /* AddNotificationView.swift in Sources */ = {isa = PBXBuildFile; fileRef = 891B7DF72C206C53002F0CA2 /* AddNotificationView.swift */; };
		89AB79C52C20154D00EB21A0 /* NoNotificationView.swift in Sources */ = {isa = PBXBuildFile; fileRef = 89AB79C42C20154D00EB21A0 /* NoNotificationView.swift */; };
		89D669BC2C2276AD00815D58 /* LocationManager.swift in Sources */ = {isa = PBXBuildFile; fileRef = 89D669BB2C2276AD00815D58 /* LocationManager.swift */; };
		FF02F16E2C21F86300FCFAC0 /* SwiftDataModel.swift in Sources */ = {isa = PBXBuildFile; fileRef = FF02F16D2C21F86300FCFAC0 /* SwiftDataModel.swift */; };
		FF66107B2C1FC8C100DDE7E2 /* NorouApp.swift in Sources */ = {isa = PBXBuildFile; fileRef = FF66107A2C1FC8C100DDE7E2 /* NorouApp.swift */; };
		FF66107D2C1FC8C100DDE7E2 /* NotificationListView.swift in Sources */ = {isa = PBXBuildFile; fileRef = FF66107C2C1FC8C100DDE7E2 /* NotificationListView.swift */; };
		FF66107F2C1FC8C200DDE7E2 /* Assets.xcassets in Resources */ = {isa = PBXBuildFile; fileRef = FF66107E2C1FC8C200DDE7E2 /* Assets.xcassets */; };
		FF6610822C1FC8C200DDE7E2 /* Preview Assets.xcassets in Resources */ = {isa = PBXBuildFile; fileRef = FF6610812C1FC8C200DDE7E2 /* Preview Assets.xcassets */; };
/* End PBXBuildFile section */

/* Begin PBXFileReference section */
		891B7DF72C206C53002F0CA2 /* AddNotificationView.swift */ = {isa = PBXFileReference; lastKnownFileType = sourcecode.swift; path = AddNotificationView.swift; sourceTree = "<group>"; };
		89AB79C42C20154D00EB21A0 /* NoNotificationView.swift */ = {isa = PBXFileReference; lastKnownFileType = sourcecode.swift; path = NoNotificationView.swift; sourceTree = "<group>"; };
		89D669BB2C2276AD00815D58 /* LocationManager.swift */ = {isa = PBXFileReference; lastKnownFileType = sourcecode.swift; path = LocationManager.swift; sourceTree = "<group>"; };
		FF02F16D2C21F86300FCFAC0 /* SwiftDataModel.swift */ = {isa = PBXFileReference; lastKnownFileType = sourcecode.swift; path = SwiftDataModel.swift; sourceTree = "<group>"; };
		FF6610772C1FC8C100DDE7E2 /* Norou.app */ = {isa = PBXFileReference; explicitFileType = wrapper.application; includeInIndex = 0; path = Norou.app; sourceTree = BUILT_PRODUCTS_DIR; };
		FF66107A2C1FC8C100DDE7E2 /* NorouApp.swift */ = {isa = PBXFileReference; lastKnownFileType = sourcecode.swift; path = NorouApp.swift; sourceTree = "<group>"; };
		FF66107C2C1FC8C100DDE7E2 /* NotificationListView.swift */ = {isa = PBXFileReference; lastKnownFileType = sourcecode.swift; path = NotificationListView.swift; sourceTree = "<group>"; };
		FF66107E2C1FC8C200DDE7E2 /* Assets.xcassets */ = {isa = PBXFileReference; lastKnownFileType = folder.assetcatalog; path = Assets.xcassets; sourceTree = "<group>"; };
		FF6610812C1FC8C200DDE7E2 /* Preview Assets.xcassets */ = {isa = PBXFileReference; lastKnownFileType = folder.assetcatalog; path = "Preview Assets.xcassets"; sourceTree = "<group>"; };
/* End PBXFileReference section */

/* Begin PBXFrameworksBuildPhase section */
		FF6610742C1FC8C100DDE7E2 /* Frameworks */ = {
			isa = PBXFrameworksBuildPhase;
			buildActionMask = 2147483647;
			files = (
			);
			runOnlyForDeploymentPostprocessing = 0;
		};
/* End PBXFrameworksBuildPhase section */

/* Begin PBXGroup section */
		89AB79C32C20153300EB21A0 /* Views */ = {
			isa = PBXGroup;
			children = (
				89AB79C42C20154D00EB21A0 /* NoNotificationView.swift */,
				FF66107C2C1FC8C100DDE7E2 /* NotificationListView.swift */,
				891B7DF72C206C53002F0CA2 /* AddNotificationView.swift */,
			);
			path = Views;
			sourceTree = "<group>";
		};
		89D669BA2C22769800815D58 /* helpers */ = {
			isa = PBXGroup;
			children = (
				89D669BB2C2276AD00815D58 /* LocationManager.swift */,
			);
			path = helpers;
			sourceTree = "<group>";
		};
		FF02F16C2C21F84B00FCFAC0 /* Models */ = {
			isa = PBXGroup;
			children = (
				FF02F16D2C21F86300FCFAC0 /* SwiftDataModel.swift */,
			);
			path = Models;
			sourceTree = "<group>";
		};
		FF66106E2C1FC8C100DDE7E2 = {
			isa = PBXGroup;
			children = (
				FF6610792C1FC8C100DDE7E2 /* Norou */,
				FF6610782C1FC8C100DDE7E2 /* Products */,
			);
			sourceTree = "<group>";
		};
		FF6610782C1FC8C100DDE7E2 /* Products */ = {
			isa = PBXGroup;
			children = (
				FF6610772C1FC8C100DDE7E2 /* Norou.app */,
			);
			name = Products;
			sourceTree = "<group>";
		};
		FF6610792C1FC8C100DDE7E2 /* Norou */ = {
			isa = PBXGroup;
			children = (
				89D669BA2C22769800815D58 /* helpers */,
				FF66107A2C1FC8C100DDE7E2 /* NorouApp.swift */,
				FF02F16C2C21F84B00FCFAC0 /* Models */,
				89AB79C32C20153300EB21A0 /* Views */,
				FF66107E2C1FC8C200DDE7E2 /* Assets.xcassets */,
				FF6610802C1FC8C200DDE7E2 /* Preview Content */,
			);
			path = Norou;
			sourceTree = "<group>";
		};
		FF6610802C1FC8C200DDE7E2 /* Preview Content */ = {
			isa = PBXGroup;
			children = (
				FF6610812C1FC8C200DDE7E2 /* Preview Assets.xcassets */,
			);
			path = "Preview Content";
			sourceTree = "<group>";
		};
/* End PBXGroup section */

/* Begin PBXNativeTarget section */
		FF6610762C1FC8C100DDE7E2 /* Norou */ = {
			isa = PBXNativeTarget;
			buildConfigurationList = FF6610852C1FC8C200DDE7E2 /* Build configuration list for PBXNativeTarget "Norou" */;
			buildPhases = (
				FF6610732C1FC8C100DDE7E2 /* Sources */,
				FF6610742C1FC8C100DDE7E2 /* Frameworks */,
				FF6610752C1FC8C100DDE7E2 /* Resources */,
			);
			buildRules = (
			);
			dependencies = (
			);
			name = Norou;
			productName = Norou;
			productReference = FF6610772C1FC8C100DDE7E2 /* Norou.app */;
			productType = "com.apple.product-type.application";
		};
/* End PBXNativeTarget section */

/* Begin PBXProject section */
		FF66106F2C1FC8C100DDE7E2 /* Project object */ = {
			isa = PBXProject;
			attributes = {
				BuildIndependentTargetsInParallel = 1;
				LastSwiftUpdateCheck = 1540;
				LastUpgradeCheck = 1540;
				TargetAttributes = {
					FF6610762C1FC8C100DDE7E2 = {
						CreatedOnToolsVersion = 15.4;
					};
				};
			};
			buildConfigurationList = FF6610722C1FC8C100DDE7E2 /* Build configuration list for PBXProject "Norou" */;
			compatibilityVersion = "Xcode 14.0";
			developmentRegion = en;
			hasScannedForEncodings = 0;
			knownRegions = (
				en,
				Base,
			);
			mainGroup = FF66106E2C1FC8C100DDE7E2;
			productRefGroup = FF6610782C1FC8C100DDE7E2 /* Products */;
			projectDirPath = "";
			projectRoot = "";
			targets = (
				FF6610762C1FC8C100DDE7E2 /* Norou */,
			);
		};
/* End PBXProject section */

/* Begin PBXResourcesBuildPhase section */
		FF6610752C1FC8C100DDE7E2 /* Resources */ = {
			isa = PBXResourcesBuildPhase;
			buildActionMask = 2147483647;
			files = (
				FF6610822C1FC8C200DDE7E2 /* Preview Assets.xcassets in Resources */,
				FF66107F2C1FC8C200DDE7E2 /* Assets.xcassets in Resources */,
			);
			runOnlyForDeploymentPostprocessing = 0;
		};
/* End PBXResourcesBuildPhase section */

/* Begin PBXSourcesBuildPhase section */
		FF6610732C1FC8C100DDE7E2 /* Sources */ = {
			isa = PBXSourcesBuildPhase;
			buildActionMask = 2147483647;
			files = (
				FF66107D2C1FC8C100DDE7E2 /* NotificationListView.swift in Sources */,
				FF02F16E2C21F86300FCFAC0 /* SwiftDataModel.swift in Sources */,
				89D669BC2C2276AD00815D58 /* LocationManager.swift in Sources */,
				FF66107B2C1FC8C100DDE7E2 /* NorouApp.swift in Sources */,
				89AB79C52C20154D00EB21A0 /* NoNotificationView.swift in Sources */,
				891B7DF82C206C53002F0CA2 /* AddNotificationView.swift in Sources */,
			);
			runOnlyForDeploymentPostprocessing = 0;
		};
/* End PBXSourcesBuildPhase section */

/* Begin XCBuildConfiguration section */
		FF6610832C1FC8C200DDE7E2 /* Debug */ = {
			isa = XCBuildConfiguration;
			buildSettings = {
				ALWAYS_SEARCH_USER_PATHS = NO;
				ASSETCATALOG_COMPILER_GENERATE_SWIFT_ASSET_SYMBOL_EXTENSIONS = YES;
				CLANG_ANALYZER_NONNULL = YES;
				CLANG_ANALYZER_NUMBER_OBJECT_CONVERSION = YES_AGGRESSIVE;
				CLANG_CXX_LANGUAGE_STANDARD = "gnu++20";
				CLANG_ENABLE_MODULES = YES;
				CLANG_ENABLE_OBJC_ARC = YES;
				CLANG_ENABLE_OBJC_WEAK = YES;
				CLANG_WARN_BLOCK_CAPTURE_AUTORELEASING = YES;
				CLANG_WARN_BOOL_CONVERSION = YES;
				CLANG_WARN_COMMA = YES;
				CLANG_WARN_CONSTANT_CONVERSION = YES;
				CLANG_WARN_DEPRECATED_OBJC_IMPLEMENTATIONS = YES;
				CLANG_WARN_DIRECT_OBJC_ISA_USAGE = YES_ERROR;
				CLANG_WARN_DOCUMENTATION_COMMENTS = YES;
				CLANG_WARN_EMPTY_BODY = YES;
				CLANG_WARN_ENUM_CONVERSION = YES;
				CLANG_WARN_INFINITE_RECURSION = YES;
				CLANG_WARN_INT_CONVERSION = YES;
				CLANG_WARN_NON_LITERAL_NULL_CONVERSION = YES;
				CLANG_WARN_OBJC_IMPLICIT_RETAIN_SELF = YES;
				CLANG_WARN_OBJC_LITERAL_CONVERSION = YES;
				CLANG_WARN_OBJC_ROOT_CLASS = YES_ERROR;
				CLANG_WARN_QUOTED_INCLUDE_IN_FRAMEWORK_HEADER = YES;
				CLANG_WARN_RANGE_LOOP_ANALYSIS = YES;
				CLANG_WARN_STRICT_PROTOTYPES = YES;
				CLANG_WARN_SUSPICIOUS_MOVE = YES;
				CLANG_WARN_UNGUARDED_AVAILABILITY = YES_AGGRESSIVE;
				CLANG_WARN_UNREACHABLE_CODE = YES;
				CLANG_WARN__DUPLICATE_METHOD_MATCH = YES;
				COPY_PHASE_STRIP = NO;
				DEBUG_INFORMATION_FORMAT = dwarf;
				ENABLE_STRICT_OBJC_MSGSEND = YES;
				ENABLE_TESTABILITY = YES;
				ENABLE_USER_SCRIPT_SANDBOXING = YES;
				GCC_C_LANGUAGE_STANDARD = gnu17;
				GCC_DYNAMIC_NO_PIC = NO;
				GCC_NO_COMMON_BLOCKS = YES;
				GCC_OPTIMIZATION_LEVEL = 0;
				GCC_PREPROCESSOR_DEFINITIONS = (
					"DEBUG=1",
					"$(inherited)",
				);
				GCC_WARN_64_TO_32_BIT_CONVERSION = YES;
				GCC_WARN_ABOUT_RETURN_TYPE = YES_ERROR;
				GCC_WARN_UNDECLARED_SELECTOR = YES;
				GCC_WARN_UNINITIALIZED_AUTOS = YES_AGGRESSIVE;
				GCC_WARN_UNUSED_FUNCTION = YES;
				GCC_WARN_UNUSED_VARIABLE = YES;
				IPHONEOS_DEPLOYMENT_TARGET = 17.5;
				LOCALIZATION_PREFERS_STRING_CATALOGS = YES;
				MTL_ENABLE_DEBUG_INFO = INCLUDE_SOURCE;
				MTL_FAST_MATH = YES;
				ONLY_ACTIVE_ARCH = YES;
				SDKROOT = iphoneos;
				SWIFT_ACTIVE_COMPILATION_CONDITIONS = "DEBUG $(inherited)";
				SWIFT_OPTIMIZATION_LEVEL = "-Onone";
			};
			name = Debug;
		};
		FF6610842C1FC8C200DDE7E2 /* Release */ = {
			isa = XCBuildConfiguration;
			buildSettings = {
				ALWAYS_SEARCH_USER_PATHS = NO;
				ASSETCATALOG_COMPILER_GENERATE_SWIFT_ASSET_SYMBOL_EXTENSIONS = YES;
				CLANG_ANALYZER_NONNULL = YES;
				CLANG_ANALYZER_NUMBER_OBJECT_CONVERSION = YES_AGGRESSIVE;
				CLANG_CXX_LANGUAGE_STANDARD = "gnu++20";
				CLANG_ENABLE_MODULES = YES;
				CLANG_ENABLE_OBJC_ARC = YES;
				CLANG_ENABLE_OBJC_WEAK = YES;
				CLANG_WARN_BLOCK_CAPTURE_AUTORELEASING = YES;
				CLANG_WARN_BOOL_CONVERSION = YES;
				CLANG_WARN_COMMA = YES;
				CLANG_WARN_CONSTANT_CONVERSION = YES;
				CLANG_WARN_DEPRECATED_OBJC_IMPLEMENTATIONS = YES;
				CLANG_WARN_DIRECT_OBJC_ISA_USAGE = YES_ERROR;
				CLANG_WARN_DOCUMENTATION_COMMENTS = YES;
				CLANG_WARN_EMPTY_BODY = YES;
				CLANG_WARN_ENUM_CONVERSION = YES;
				CLANG_WARN_INFINITE_RECURSION = YES;
				CLANG_WARN_INT_CONVERSION = YES;
				CLANG_WARN_NON_LITERAL_NULL_CONVERSION = YES;
				CLANG_WARN_OBJC_IMPLICIT_RETAIN_SELF = YES;
				CLANG_WARN_OBJC_LITERAL_CONVERSION = YES;
				CLANG_WARN_OBJC_ROOT_CLASS = YES_ERROR;
				CLANG_WARN_QUOTED_INCLUDE_IN_FRAMEWORK_HEADER = YES;
				CLANG_WARN_RANGE_LOOP_ANALYSIS = YES;
				CLANG_WARN_STRICT_PROTOTYPES = YES;
				CLANG_WARN_SUSPICIOUS_MOVE = YES;
				CLANG_WARN_UNGUARDED_AVAILABILITY = YES_AGGRESSIVE;
				CLANG_WARN_UNREACHABLE_CODE = YES;
				CLANG_WARN__DUPLICATE_METHOD_MATCH = YES;
				COPY_PHASE_STRIP = NO;
				DEBUG_INFORMATION_FORMAT = "dwarf-with-dsym";
				ENABLE_NS_ASSERTIONS = NO;
				ENABLE_STRICT_OBJC_MSGSEND = YES;
				ENABLE_USER_SCRIPT_SANDBOXING = YES;
				GCC_C_LANGUAGE_STANDARD = gnu17;
				GCC_NO_COMMON_BLOCKS = YES;
				GCC_WARN_64_TO_32_BIT_CONVERSION = YES;
				GCC_WARN_ABOUT_RETURN_TYPE = YES_ERROR;
				GCC_WARN_UNDECLARED_SELECTOR = YES;
				GCC_WARN_UNINITIALIZED_AUTOS = YES_AGGRESSIVE;
				GCC_WARN_UNUSED_FUNCTION = YES;
				GCC_WARN_UNUSED_VARIABLE = YES;
				IPHONEOS_DEPLOYMENT_TARGET = 17.5;
				LOCALIZATION_PREFERS_STRING_CATALOGS = YES;
				MTL_ENABLE_DEBUG_INFO = NO;
				MTL_FAST_MATH = YES;
				SDKROOT = iphoneos;
				SWIFT_COMPILATION_MODE = wholemodule;
				VALIDATE_PRODUCT = YES;
			};
			name = Release;
		};
		FF6610862C1FC8C200DDE7E2 /* Debug */ = {
			isa = XCBuildConfiguration;
			buildSettings = {
				ASSETCATALOG_COMPILER_APPICON_NAME = AppIcon;
				ASSETCATALOG_COMPILER_GLOBAL_ACCENT_COLOR_NAME = AccentColor;
				CODE_SIGN_IDENTITY = "Apple Development";
				CODE_SIGN_STYLE = Automatic;
				CURRENT_PROJECT_VERSION = 1;
				DEVELOPMENT_ASSET_PATHS = "\"Norou/Preview Content\"";

				DEVELOPMENT_TEAM = Z58B4NL6K9;

				ENABLE_PREVIEWS = YES;
				GENERATE_INFOPLIST_FILE = YES;
				INFOPLIST_KEY_NSLocationWhenInUseUsageDescription = "위치정보 해줘 응애";
				INFOPLIST_KEY_UIApplicationSceneManifest_Generation = YES;
				INFOPLIST_KEY_UIApplicationSupportsIndirectInputEvents = YES;
				INFOPLIST_KEY_UILaunchScreen_Generation = YES;
				INFOPLIST_KEY_UISupportedInterfaceOrientations_iPad = "UIInterfaceOrientationPortrait UIInterfaceOrientationPortraitUpsideDown UIInterfaceOrientationLandscapeLeft UIInterfaceOrientationLandscapeRight";
				INFOPLIST_KEY_UISupportedInterfaceOrientations_iPhone = "UIInterfaceOrientationPortrait UIInterfaceOrientationLandscapeLeft UIInterfaceOrientationLandscapeRight";
				IPHONEOS_DEPLOYMENT_TARGET = 17.2;
				LD_RUNPATH_SEARCH_PATHS = (
					"$(inherited)",
					"@executable_path/Frameworks",
				);
				MARKETING_VERSION = 1.0;
				PRODUCT_BUNDLE_IDENTIFIER = com.KimDohyun.Norou;
				PRODUCT_NAME = "$(TARGET_NAME)";
				PROVISIONING_PROFILE_SPECIFIER = "";
				SWIFT_EMIT_LOC_STRINGS = YES;
				SWIFT_VERSION = 5.0;
				TARGETED_DEVICE_FAMILY = "1,2";
			};
			name = Debug;
		};
		FF6610872C1FC8C200DDE7E2 /* Release */ = {
			isa = XCBuildConfiguration;
			buildSettings = {
				ASSETCATALOG_COMPILER_APPICON_NAME = AppIcon;
				ASSETCATALOG_COMPILER_GLOBAL_ACCENT_COLOR_NAME = AccentColor;
				CODE_SIGN_IDENTITY = "Apple Development";
				CODE_SIGN_STYLE = Automatic;
				CURRENT_PROJECT_VERSION = 1;
				DEVELOPMENT_ASSET_PATHS = "\"Norou/Preview Content\"";

				DEVELOPMENT_TEAM = Z58B4NL6K9;

				ENABLE_PREVIEWS = YES;
				GENERATE_INFOPLIST_FILE = YES;
				INFOPLIST_KEY_NSLocationWhenInUseUsageDescription = "위치정보 해줘 응애";
				INFOPLIST_KEY_UIApplicationSceneManifest_Generation = YES;
				INFOPLIST_KEY_UIApplicationSupportsIndirectInputEvents = YES;
				INFOPLIST_KEY_UILaunchScreen_Generation = YES;
				INFOPLIST_KEY_UISupportedInterfaceOrientations_iPad = "UIInterfaceOrientationPortrait UIInterfaceOrientationPortraitUpsideDown UIInterfaceOrientationLandscapeLeft UIInterfaceOrientationLandscapeRight";
				INFOPLIST_KEY_UISupportedInterfaceOrientations_iPhone = "UIInterfaceOrientationPortrait UIInterfaceOrientationLandscapeLeft UIInterfaceOrientationLandscapeRight";
				IPHONEOS_DEPLOYMENT_TARGET = 17.2;
				LD_RUNPATH_SEARCH_PATHS = (
					"$(inherited)",
					"@executable_path/Frameworks",
				);
				MARKETING_VERSION = 1.0;
				PRODUCT_BUNDLE_IDENTIFIER = com.KimDohyun.Norou;
				PRODUCT_NAME = "$(TARGET_NAME)";
				PROVISIONING_PROFILE_SPECIFIER = "";
				SWIFT_EMIT_LOC_STRINGS = YES;
				SWIFT_VERSION = 5.0;
				TARGETED_DEVICE_FAMILY = "1,2";
			};
			name = Release;
		};
/* End XCBuildConfiguration section */

/* Begin XCConfigurationList section */
		FF6610722C1FC8C100DDE7E2 /* Build configuration list for PBXProject "Norou" */ = {
			isa = XCConfigurationList;
			buildConfigurations = (
				FF6610832C1FC8C200DDE7E2 /* Debug */,
				FF6610842C1FC8C200DDE7E2 /* Release */,
			);
			defaultConfigurationIsVisible = 0;
			defaultConfigurationName = Release;
		};
		FF6610852C1FC8C200DDE7E2 /* Build configuration list for PBXNativeTarget "Norou" */ = {
			isa = XCConfigurationList;
			buildConfigurations = (
				FF6610862C1FC8C200DDE7E2 /* Debug */,
				FF6610872C1FC8C200DDE7E2 /* Release */,
			);
			defaultConfigurationIsVisible = 0;
			defaultConfigurationName = Release;
		};
/* End XCConfigurationList section */
	};
	rootObject = FF66106F2C1FC8C100DDE7E2 /* Project object */;
}
